// !$*UTF8*$!
{
	archiveVersion = 1;
	classes = {
	};
	objectVersion = 46;
	objects = {

/* Begin PBXBuildFile section */
		980669C91E2B52F700E0247A /* AppDelegate.swift in Sources */ = {isa = PBXBuildFile; fileRef = 980669C81E2B52F700E0247A /* AppDelegate.swift */; };
		980669CB1E2B52F700E0247A /* ViewController.swift in Sources */ = {isa = PBXBuildFile; fileRef = 980669CA1E2B52F700E0247A /* ViewController.swift */; };
		980669CE1E2B52F700E0247A /* Main.storyboard in Resources */ = {isa = PBXBuildFile; fileRef = 980669CC1E2B52F700E0247A /* Main.storyboard */; };
		980669D01E2B52F700E0247A /* Assets.xcassets in Resources */ = {isa = PBXBuildFile; fileRef = 980669CF1E2B52F700E0247A /* Assets.xcassets */; };
		980669D31E2B52F700E0247A /* LaunchScreen.storyboard in Resources */ = {isa = PBXBuildFile; fileRef = 980669D11E2B52F700E0247A /* LaunchScreen.storyboard */; };
		980669DB1E2B535200E0247A /* parabola.mp3 in Resources */ = {isa = PBXBuildFile; fileRef = 980669DA1E2B535200E0247A /* parabola.mp3 */; };
/* End PBXBuildFile section */

/* Begin PBXFileReference section */
		980669C51E2B52F700E0247A /* AudioPlayer.app */ = {isa = PBXFileReference; explicitFileType = wrapper.application; includeInIndex = 0; path = AudioPlayer.app; sourceTree = BUILT_PRODUCTS_DIR; };
		980669C81E2B52F700E0247A /* AppDelegate.swift */ = {isa = PBXFileReference; lastKnownFileType = sourcecode.swift; path = AppDelegate.swift; sourceTree = "<group>"; };
		980669CA1E2B52F700E0247A /* ViewController.swift */ = {isa = PBXFileReference; lastKnownFileType = sourcecode.swift; path = ViewController.swift; sourceTree = "<group>"; };
		980669CD1E2B52F700E0247A /* Base */ = {isa = PBXFileReference; lastKnownFileType = file.storyboard; name = Base; path = Base.lproj/Main.storyboard; sourceTree = "<group>"; };
		980669CF1E2B52F700E0247A /* Assets.xcassets */ = {isa = PBXFileReference; lastKnownFileType = folder.assetcatalog; path = Assets.xcassets; sourceTree = "<group>"; };
		980669D21E2B52F700E0247A /* Base */ = {isa = PBXFileReference; lastKnownFileType = file.storyboard; name = Base; path = Base.lproj/LaunchScreen.storyboard; sourceTree = "<group>"; };
		980669D41E2B52F700E0247A /* Info.plist */ = {isa = PBXFileReference; lastKnownFileType = text.plist.xml; path = Info.plist; sourceTree = "<group>"; };
		980669DA1E2B535200E0247A /* parabola.mp3 */ = {isa = PBXFileReference; lastKnownFileType = audio.mp3; path = parabola.mp3; sourceTree = "<group>"; };
/* End PBXFileReference section */

/* Begin PBXFrameworksBuildPhase section */
		980669C21E2B52F700E0247A /* Frameworks */ = {
			isa = PBXFrameworksBuildPhase;
			buildActionMask = 2147483647;
			files = (
			);
			runOnlyForDeploymentPostprocessing = 0;
		};
/* End PBXFrameworksBuildPhase section */

/* Begin PBXGroup section */
		980669BC1E2B52F700E0247A = {
			isa = PBXGroup;
			children = (
				980669C71E2B52F700E0247A /* AudioPlayer */,
				980669C61E2B52F700E0247A /* Products */,
			);
			sourceTree = "<group>";
		};
		980669C61E2B52F700E0247A /* Products */ = {
			isa = PBXGroup;
			children = (
				980669C51E2B52F700E0247A /* AudioPlayer.app */,
			);
			name = Products;
			sourceTree = "<group>";
		};
		980669C71E2B52F700E0247A /* AudioPlayer */ = {
			isa = PBXGroup;
			children = (
				980669C81E2B52F700E0247A /* AppDelegate.swift */,
				980669DA1E2B535200E0247A /* parabola.mp3 */,
				980669CA1E2B52F700E0247A /* ViewController.swift */,
				980669CC1E2B52F700E0247A /* Main.storyboard */,
				980669CF1E2B52F700E0247A /* Assets.xcassets */,
				980669D11E2B52F700E0247A /* LaunchScreen.storyboard */,
				980669D41E2B52F700E0247A /* Info.plist */,
			);
			path = AudioPlayer;
			sourceTree = "<group>";
		};
/* End PBXGroup section */

/* Begin PBXNativeTarget section */
		980669C41E2B52F700E0247A /* AudioPlayer */ = {
			isa = PBXNativeTarget;
			buildConfigurationList = 980669D71E2B52F700E0247A /* Build configuration list for PBXNativeTarget "AudioPlayer" */;
			buildPhases = (
				980669C11E2B52F700E0247A /* Sources */,
				980669C21E2B52F700E0247A /* Frameworks */,
				980669C31E2B52F700E0247A /* Resources */,
			);
			buildRules = (
			);
			dependencies = (
			);
			name = AudioPlayer;
			productName = AudioPlayer;
			productReference = 980669C51E2B52F700E0247A /* AudioPlayer.app */;
			productType = "com.apple.product-type.application";
		};
/* End PBXNativeTarget section */

/* Begin PBXProject section */
		980669BD1E2B52F700E0247A /* Project object */ = {
			isa = PBXProject;
			attributes = {
				LastSwiftUpdateCheck = 0820;
				LastUpgradeCheck = 0820;
				ORGANIZATIONNAME = marcexmachina;
				TargetAttributes = {
					980669C41E2B52F700E0247A = {
						CreatedOnToolsVersion = 8.2.1;
						DevelopmentTeam = WEXR3T62Q9;
						ProvisioningStyle = Automatic;
					};
				};
			};
			buildConfigurationList = 980669C01E2B52F700E0247A /* Build configuration list for PBXProject "AudioPlayer" */;
			compatibilityVersion = "Xcode 3.2";
			developmentRegion = English;
			hasScannedForEncodings = 0;
			knownRegions = (
				en,
				Base,
			);
			mainGroup = 980669BC1E2B52F700E0247A;
			productRefGroup = 980669C61E2B52F700E0247A /* Products */;
			projectDirPath = "";
			projectRoot = "";
			targets = (
				980669C41E2B52F700E0247A /* AudioPlayer */,
			);
		};
/* End PBXProject section */

/* Begin PBXResourcesBuildPhase section */
		980669C31E2B52F700E0247A /* Resources */ = {
			isa = PBXResourcesBuildPhase;
			buildActionMask = 2147483647;
			files = (
				980669D31E2B52F700E0247A /* LaunchScreen.storyboard in Resources */,
				980669DB1E2B535200E0247A /* parabola.mp3 in Resources */,
				980669D01E2B52F700E0247A /* Assets.xcassets in Resources */,
				980669CE1E2B52F700E0247A /* Main.storyboard in Resources */,
			);
			runOnlyForDeploymentPostprocessing = 0;
		};
/* End PBXResourcesBuildPhase section */

/* Begin PBXSourcesBuildPhase section */
		980669C11E2B52F700E0247A /* Sources */ = {
			isa = PBXSourcesBuildPhase;
			buildActionMask = 2147483647;
			files = (
				980669CB1E2B52F700E0247A /* ViewController.swift in Sources */,
				980669C91E2B52F700E0247A /* AppDelegate.swift in Sources */,
			);
			runOnlyForDeploymentPostprocessing = 0;
		};
/* End PBXSourcesBuildPhase section */

/* Begin PBXVariantGroup section */
		980669CC1E2B52F700E0247A /* Main.storyboard */ = {
			isa = PBXVariantGroup;
			children = (
				980669CD1E2B52F700E0247A /* Base */,
			);
			name = Main.storyboard;
			sourceTree = "<group>";
		};
		980669D11E2B52F700E0247A /* LaunchScreen.storyboard */ = {
			isa = PBXVariantGroup;
			children = (
				980669D21E2B52F700E0247A /* Base */,
			);
			name = LaunchScreen.storyboard;
			sourceTree = "<group>";
		};
/* End PBXVariantGroup section */

/* Begin XCBuildConfiguration section */
		980669D51E2B52F700E0247A /* Debug */ = {
			isa = XCBuildConfiguration;
			buildSettings = {
				ALWAYS_SEARCH_USER_PATHS = NO;
				CLANG_ANALYZER_NONNULL = YES;
				CLANG_CXX_LANGUAGE_STANDARD = "gnu++0x";
				CLANG_CXX_LIBRARY = "libc++";
				CLANG_ENABLE_MODULES = YES;
				CLANG_ENABLE_OBJC_ARC = YES;
				CLANG_WARN_BOOL_CONVERSION = YES;
				CLANG_WARN_CONSTANT_CONVERSION = YES;
				CLANG_WARN_DIRECT_OBJC_ISA_USAGE = YES_ERROR;
				CLANG_WARN_DOCUMENTATION_COMMENTS = YES;
				CLANG_WARN_EMPTY_BODY = YES;
				CLANG_WARN_ENUM_CONVERSION = YES;
				CLANG_WARN_INFINITE_RECURSION = YES;
				CLANG_WARN_INT_CONVERSION = YES;
				CLANG_WARN_OBJC_ROOT_CLASS = YES_ERROR;
				CLANG_WARN_SUSPICIOUS_MOVE = YES;
				CLANG_WARN_UNREACHABLE_CODE = YES;
				CLANG_WARN__DUPLICATE_METHOD_MATCH = YES;
				"CODE_SIGN_IDENTITY[sdk=iphoneos*]" = "iPhone Developer";
				COPY_PHASE_STRIP = NO;
				DEBUG_INFORMATION_FORMAT = dwarf;
				ENABLE_STRICT_OBJC_MSGSEND = YES;
				ENABLE_TESTABILITY = YES;
				GCC_C_LANGUAGE_STANDARD = gnu99;
				GCC_DYNAMIC_NO_PIC = NO;
				GCC_NO_COMMON_BLOCKS = YES;
				GCC_OPTIMIZATION_LEVEL = 0;
				GCC_PREPROCESSOR_DEFINITIONS = (
					"DEBUG=1",
					"$(inherited)",
				);
				GCC_WARN_64_TO_32_BIT_CONVERSION = YES;
				GCC_WARN_ABOUT_RETURN_TYPE = YES_ERROR;
				GCC_WARN_UNDECLARED_SELECTOR = YES;
				GCC_WARN_UNINITIALIZED_AUTOS = YES_AGGRESSIVE;
				GCC_WARN_UNUSED_FUNCTION = YES;
				GCC_WARN_UNUSED_VARIABLE = YES;
				IPHONEOS_DEPLOYMENT_TARGET = 10.2;
				MTL_ENABLE_DEBUG_INFO = YES;
				ONLY_ACTIVE_ARCH = YES;
				SDKROOT = iphoneos;
				SWIFT_ACTIVE_COMPILATION_CONDITIONS = DEBUG;
				SWIFT_OPTIMIZATION_LEVEL = "-Onone";
			};
			name = Debug;
		};
		980669D61E2B52F700E0247A /* Release */ = {
			isa = XCBuildConfiguration;
			buildSettings = {
				ALWAYS_SEARCH_USER_PATHS = NO;
				CLANG_ANALYZER_NONNULL = YES;
				CLANG_CXX_LANGUAGE_STANDARD = "gnu++0x";
				CLANG_CXX_LIBRARY = "libc++";
				CLANG_ENABLE_MODULES = YES;
				CLANG_ENABLE_OBJC_ARC = YES;
				CLANG_WARN_BOOL_CONVERSION = YES;
				CLANG_WARN_CONSTANT_CONVERSION = YES;
				CLANG_WARN_DIRECT_OBJC_ISA_USAGE = YES_ERROR;
				CLANG_WARN_DOCUMENTATION_COMMENTS = YES;
				CLANG_WARN_EMPTY_BODY = YES;
				CLANG_WARN_ENUM_CONVERSION = YES;
				CLANG_WARN_INFINITE_RECURSION = YES;
				CLANG_WARN_INT_CONVERSION = YES;
				CLANG_WARN_OBJC_ROOT_CLASS = YES_ERROR;
				CLANG_WARN_SUSPICIOUS_MOVE = YES;
				CLANG_WARN_UNREACHABLE_CODE = YES;
				CLANG_WARN__DUPLICATE_METHOD_MATCH = YES;
				"CODE_SIGN_IDENTITY[sdk=iphoneos*]" = "iPhone Developer";
				COPY_PHASE_STRIP = NO;
				DEBUG_INFORMATION_FORMAT = "dwarf-with-dsym";
				ENABLE_NS_ASSERTIONS = NO;
				ENABLE_STRICT_OBJC_MSGSEND = YES;
				GCC_C_LANGUAGE_STANDARD = gnu99;
				GCC_NO_COMMON_BLOCKS = YES;
				GCC_WARN_64_TO_32_BIT_CONVERSION = YES;
				GCC_WARN_ABOUT_RETURN_TYPE = YES_ERROR;
				GCC_WARN_UNDECLARED_SELECTOR = YES;
				GCC_WARN_UNINITIALIZED_AUTOS = YES_AGGRESSIVE;
				GCC_WARN_UNUSED_FUNCTION = YES;
				GCC_WARN_UNUSED_VARIABLE = YES;
				IPHONEOS_DEPLOYMENT_TARGET = 10.2;
				MTL_ENABLE_DEBUG_INFO = NO;
				SDKROOT = iphoneos;
				SWIFT_OPTIMIZATION_LEVEL = "-Owholemodule";
				VALIDATE_PRODUCT = YES;
			};
			name = Release;
		};
		980669D81E2B52F700E0247A /* Debug */ = {
			isa = XCBuildConfiguration;
			buildSettings = {
				ASSETCATALOG_COMPILER_APPICON_NAME = AppIcon;
				DEVELOPMENT_TEAM = WEXR3T62Q9;
				INFOPLIST_FILE = AudioPlayer/Info.plist;
				LD_RUNPATH_SEARCH_PATHS = "$(inherited) @executable_path/Frameworks";
				PRODUCT_BUNDLE_IDENTIFIER = com.marcexmachina.AudioPlayer;
				PRODUCT_NAME = "$(TARGET_NAME)";
				SWIFT_VERSION = 3.0;
			};
			name = Debug;
		};
		980669D91E2B52F700E0247A /* Release */ = {
			isa = XCBuildConfiguration;
			buildSettings = {
				ASSETCATALOG_COMPILER_APPICON_NAME = AppIcon;
				DEVELOPMENT_TEAM = WEXR3T62Q9;
				INFOPLIST_FILE = AudioPlayer/Info.plist;
				LD_RUNPATH_SEARCH_PATHS = "$(inherited) @executable_path/Frameworks";
				PRODUCT_BUNDLE_IDENTIFIER = com.marcexmachina.AudioPlayer;
				PRODUCT_NAME = "$(TARGET_NAME)";
				SWIFT_VERSION = 3.0;
			};
			name = Release;
		};
/* End XCBuildConfiguration section */

/* Begin XCConfigurationList section */
		980669C01E2B52F700E0247A /* Build configuration list for PBXProject "AudioPlayer" */ = {
			isa = XCConfigurationList;
			buildConfigurations = (
				980669D51E2B52F700E0247A /* Debug */,
				980669D61E2B52F700E0247A /* Release */,
			);
			defaultConfigurationIsVisible = 0;
			defaultConfigurationName = Release;
		};
		980669D71E2B52F700E0247A /* Build configuration list for PBXNativeTarget "AudioPlayer" */ = {
			isa = XCConfigurationList;
			buildConfigurations = (
				980669D81E2B52F700E0247A /* Debug */,
				980669D91E2B52F700E0247A /* Release */,
			);
			defaultConfigurationIsVisible = 0;
		};
/* End XCConfigurationList section */
	};
	rootObject = 980669BD1E2B52F700E0247A /* Project object */;
}
